
Microsoft Visual Studio Solution File, Format Version 12.00
# Visual Studio Version 17
VisualStudioVersion = 17.9.34728.123
MinimumVisualStudioVersion = 10.0.40219.1
Project("{FAE04EC0-301F-11D3-BF4B-00C04F79EFBC}") = "Day1", "Day1.csproj", "{CD26C515-8286-400B-8E80-3FA4476BD9B4}"
EndProject
Global
	GlobalSection(SolutionConfigurationPlatforms) = preSolution
		Debug|Any CPU = Debug|Any CPU
		Release|Any CPU = Release|Any CPU
	EndGlobalSection
	GlobalSection(ProjectConfigurationPlatforms) = postSolution
		{CD26C515-8286-400B-8E80-3FA4476BD9B4}.Debug|Any CPU.ActiveCfg = Debug|Any CPU
		{CD26C515-8286-400B-8E80-3FA4476BD9B4}.Debug|Any CPU.Build.0 = Debug|Any CPU
		{CD26C515-8286-400B-8E80-3FA4476BD9B4}.Release|Any CPU.ActiveCfg = Release|Any CPU
		{CD26C515-8286-400B-8E80-3FA4476BD9B4}.Release|Any CPU.Build.0 = Release|Any CPU
	EndGlobalSection
	GlobalSection(SolutionProperties) = preSolution
		HideSolutionNode = FALSE
	EndGlobalSection
	GlobalSection(ExtensibilityGlobals) = postSolution
		SolutionGuid = {C90922DB-D868-4A45-B8AA-056B68E6DE55}
	EndGlobalSection
EndGlobal
