
Microsoft Visual Studio Solution File, Format Version 12.00
# Visual Studio Version 17
VisualStudioVersion = 17.9.34728.123
MinimumVisualStudioVersion = 10.0.40219.1
Project("{FAE04EC0-301F-11D3-BF4B-00C04F79EFBC}") = "Project", "Project.csproj", "{6F676FAE-41CC-470B-B44A-7F0D8C586563}"
EndProject
Global
	GlobalSection(SolutionConfigurationPlatforms) = preSolution
		Debug|Any CPU = Debug|Any CPU
		Release|Any CPU = Release|Any CPU
	EndGlobalSection
	GlobalSection(ProjectConfigurationPlatforms) = postSolution
		{6F676FAE-41CC-470B-B44A-7F0D8C586563}.Debug|Any CPU.ActiveCfg = Debug|Any CPU
		{6F676FAE-41CC-470B-B44A-7F0D8C586563}.Debug|Any CPU.Build.0 = Debug|Any CPU
		{6F676FAE-41CC-470B-B44A-7F0D8C586563}.Release|Any CPU.ActiveCfg = Release|Any CPU
		{6F676FAE-41CC-470B-B44A-7F0D8C586563}.Release|Any CPU.Build.0 = Release|Any CPU
	EndGlobalSection
	GlobalSection(SolutionProperties) = preSolution
		HideSolutionNode = FALSE
	EndGlobalSection
	GlobalSection(ExtensibilityGlobals) = postSolution
		SolutionGuid = {4DE60412-AA5A-45C4-9407-2FE8FC6A9584}
	EndGlobalSection
EndGlobal
